// !$*UTF8*$!
{
	archiveVersion = 1;
	classes = {
	};
	objectVersion = 56;
	objects = {

/* Begin PBXBuildFile section */
		6DB46AB02AFBE43D00C4CA83 /* AppDelegate.swift in Sources */ = {isa = PBXBuildFile; fileRef = 6DB46AAF2AFBE43D00C4CA83 /* AppDelegate.swift */; };
		6DB46AB22AFBE43D00C4CA83 /* SceneDelegate.swift in Sources */ = {isa = PBXBuildFile; fileRef = 6DB46AB12AFBE43D00C4CA83 /* SceneDelegate.swift */; };
		6DB46AB42AFBE43D00C4CA83 /* TabBarController.swift in Sources */ = {isa = PBXBuildFile; fileRef = 6DB46AB32AFBE43D00C4CA83 /* TabBarController.swift */; };
		6DB46AB92AFBE43E00C4CA83 /* Assets.xcassets in Resources */ = {isa = PBXBuildFile; fileRef = 6DB46AB82AFBE43E00C4CA83 /* Assets.xcassets */; };
		6DB46ABC2AFBE43E00C4CA83 /* LaunchScreen.storyboard in Resources */ = {isa = PBXBuildFile; fileRef = 6DB46ABA2AFBE43E00C4CA83 /* LaunchScreen.storyboard */; };
		6DB46ACE2AFBE77E00C4CA83 /* Character.swift in Sources */ = {isa = PBXBuildFile; fileRef = 6DB46ACD2AFBE77E00C4CA83 /* Character.swift */; };
		6DB46AD02AFBE78900C4CA83 /* Episodes.swift in Sources */ = {isa = PBXBuildFile; fileRef = 6DB46ACF2AFBE78900C4CA83 /* Episodes.swift */; };
		6DB46AD62AFBE9D700C4CA83 /* CharViewController.swift in Sources */ = {isa = PBXBuildFile; fileRef = 6DB46AD52AFBE9D700C4CA83 /* CharViewController.swift */; };
		6DB46AD82AFBE9EC00C4CA83 /* LogOutViewController.swift in Sources */ = {isa = PBXBuildFile; fileRef = 6DB46AD72AFBE9EC00C4CA83 /* LogOutViewController.swift */; };
		6DB46ADA2AFD2D9C00C4CA83 /* RickMortyService.swift in Sources */ = {isa = PBXBuildFile; fileRef = 6DB46AD92AFD2D9C00C4CA83 /* RickMortyService.swift */; };
		6DB46ADC2AFD2DB000C4CA83 /* RickMortyRequest.swift in Sources */ = {isa = PBXBuildFile; fileRef = 6DB46ADB2AFD2DB000C4CA83 /* RickMortyRequest.swift */; };
		6DB46ADE2AFD2EB700C4CA83 /* RickMortyEndpoint.swift in Sources */ = {isa = PBXBuildFile; fileRef = 6DB46ADD2AFD2EB700C4CA83 /* RickMortyEndpoint.swift */; };
		6DB46AE02AFE3A0700C4CA83 /* CollectionViewCell.swift in Sources */ = {isa = PBXBuildFile; fileRef = 6DB46ADF2AFE3A0700C4CA83 /* CollectionViewCell.swift */; };
		6DB46AE22AFFCC2B00C4CA83 /* GetAllCharactersResponse.swift in Sources */ = {isa = PBXBuildFile; fileRef = 6DB46AE12AFFCC2B00C4CA83 /* GetAllCharactersResponse.swift */; };
		6DB46AE42AFFDD7400C4CA83 /* CharacterViewModel.swift in Sources */ = {isa = PBXBuildFile; fileRef = 6DB46AE32AFFDD7400C4CA83 /* CharacterViewModel.swift */; };
		6DB46AE82B0036CB00C4CA83 /* CollectionVIewCellViewModel.swift in Sources */ = {isa = PBXBuildFile; fileRef = 6DB46AE72B0036CB00C4CA83 /* CollectionVIewCellViewModel.swift */; };
/* End PBXBuildFile section */

/* Begin PBXFileReference section */
		6DB46AAC2AFBE43D00C4CA83 /* RickMortyApp.app */ = {isa = PBXFileReference; explicitFileType = wrapper.application; includeInIndex = 0; path = RickMortyApp.app; sourceTree = BUILT_PRODUCTS_DIR; };
		6DB46AAF2AFBE43D00C4CA83 /* AppDelegate.swift */ = {isa = PBXFileReference; lastKnownFileType = sourcecode.swift; path = AppDelegate.swift; sourceTree = "<group>"; };
		6DB46AB12AFBE43D00C4CA83 /* SceneDelegate.swift */ = {isa = PBXFileReference; lastKnownFileType = sourcecode.swift; path = SceneDelegate.swift; sourceTree = "<group>"; };
		6DB46AB32AFBE43D00C4CA83 /* TabBarController.swift */ = {isa = PBXFileReference; lastKnownFileType = sourcecode.swift; path = TabBarController.swift; sourceTree = "<group>"; };
		6DB46AB82AFBE43E00C4CA83 /* Assets.xcassets */ = {isa = PBXFileReference; lastKnownFileType = folder.assetcatalog; path = Assets.xcassets; sourceTree = "<group>"; };
		6DB46ABB2AFBE43E00C4CA83 /* Base */ = {isa = PBXFileReference; lastKnownFileType = file.storyboard; name = Base; path = Base.lproj/LaunchScreen.storyboard; sourceTree = "<group>"; };
		6DB46ABD2AFBE43E00C4CA83 /* Info.plist */ = {isa = PBXFileReference; lastKnownFileType = text.plist.xml; path = Info.plist; sourceTree = "<group>"; };
		6DB46ACD2AFBE77E00C4CA83 /* Character.swift */ = {isa = PBXFileReference; lastKnownFileType = sourcecode.swift; path = Character.swift; sourceTree = "<group>"; };
		6DB46ACF2AFBE78900C4CA83 /* Episodes.swift */ = {isa = PBXFileReference; lastKnownFileType = sourcecode.swift; path = Episodes.swift; sourceTree = "<group>"; };
		6DB46AD52AFBE9D700C4CA83 /* CharViewController.swift */ = {isa = PBXFileReference; lastKnownFileType = sourcecode.swift; path = CharViewController.swift; sourceTree = "<group>"; };
		6DB46AD72AFBE9EC00C4CA83 /* LogOutViewController.swift */ = {isa = PBXFileReference; lastKnownFileType = sourcecode.swift; path = LogOutViewController.swift; sourceTree = "<group>"; };
		6DB46AD92AFD2D9C00C4CA83 /* RickMortyService.swift */ = {isa = PBXFileReference; lastKnownFileType = sourcecode.swift; path = RickMortyService.swift; sourceTree = "<group>"; };
		6DB46ADB2AFD2DB000C4CA83 /* RickMortyRequest.swift */ = {isa = PBXFileReference; lastKnownFileType = sourcecode.swift; path = RickMortyRequest.swift; sourceTree = "<group>"; };
		6DB46ADD2AFD2EB700C4CA83 /* RickMortyEndpoint.swift */ = {isa = PBXFileReference; lastKnownFileType = sourcecode.swift; path = RickMortyEndpoint.swift; sourceTree = "<group>"; };
		6DB46ADF2AFE3A0700C4CA83 /* CollectionViewCell.swift */ = {isa = PBXFileReference; lastKnownFileType = sourcecode.swift; path = CollectionViewCell.swift; sourceTree = "<group>"; };
		6DB46AE12AFFCC2B00C4CA83 /* GetAllCharactersResponse.swift */ = {isa = PBXFileReference; lastKnownFileType = sourcecode.swift; path = GetAllCharactersResponse.swift; sourceTree = "<group>"; };
		6DB46AE32AFFDD7400C4CA83 /* CharacterViewModel.swift */ = {isa = PBXFileReference; lastKnownFileType = sourcecode.swift; path = CharacterViewModel.swift; sourceTree = "<group>"; };
		6DB46AE72B0036CB00C4CA83 /* CollectionVIewCellViewModel.swift */ = {isa = PBXFileReference; lastKnownFileType = sourcecode.swift; path = CollectionVIewCellViewModel.swift; sourceTree = "<group>"; };
/* End PBXFileReference section */

/* Begin PBXFrameworksBuildPhase section */
		6DB46AA92AFBE43D00C4CA83 /* Frameworks */ = {
			isa = PBXFrameworksBuildPhase;
			buildActionMask = 2147483647;
			files = (
			);
			runOnlyForDeploymentPostprocessing = 0;
		};
/* End PBXFrameworksBuildPhase section */

/* Begin PBXGroup section */
		6DB46AA32AFBE43D00C4CA83 = {
			isa = PBXGroup;
			children = (
				6DB46AAE2AFBE43D00C4CA83 /* RickMortyApp */,
				6DB46AAD2AFBE43D00C4CA83 /* Products */,
			);
			sourceTree = "<group>";
		};
		6DB46AAD2AFBE43D00C4CA83 /* Products */ = {
			isa = PBXGroup;
			children = (
				6DB46AAC2AFBE43D00C4CA83 /* RickMortyApp.app */,
			);
			name = Products;
			sourceTree = "<group>";
		};
		6DB46AAE2AFBE43D00C4CA83 /* RickMortyApp */ = {
			isa = PBXGroup;
			children = (
				6DB46ACA2AFBE6D200C4CA83 /* Application */,
				6DB46AC92AFBE6A700C4CA83 /* Resources */,
				6DB46AC82AFBE69F00C4CA83 /* Manager */,
				6DB46AC72AFBE68900C4CA83 /* API */,
				6DB46AC62AFBE68100C4CA83 /* ViewModels */,
				6DB46AC52AFBE67800C4CA83 /* Views */,
				6DB46AC42AFBE66F00C4CA83 /* Models */,
				6DB46AC32AFBE66300C4CA83 /* Controllers */,
				6DB46ABD2AFBE43E00C4CA83 /* Info.plist */,
			);
			path = RickMortyApp;
			sourceTree = "<group>";
		};
		6DB46AC32AFBE66300C4CA83 /* Controllers */ = {
			isa = PBXGroup;
			children = (
				6DB46AB32AFBE43D00C4CA83 /* TabBarController.swift */,
				6DB46AD52AFBE9D700C4CA83 /* CharViewController.swift */,
				6DB46AD72AFBE9EC00C4CA83 /* LogOutViewController.swift */,
				6DB46AE62B0033C100C4CA83 /* Cell */,
			);
			path = Controllers;
			sourceTree = "<group>";
		};
		6DB46AC42AFBE66F00C4CA83 /* Models */ = {
			isa = PBXGroup;
			children = (
				6DB46ACD2AFBE77E00C4CA83 /* Character.swift */,
				6DB46ACF2AFBE78900C4CA83 /* Episodes.swift */,
				6DB46AE12AFFCC2B00C4CA83 /* GetAllCharactersResponse.swift */,
			);
			path = Models;
			sourceTree = "<group>";
		};
		6DB46AC52AFBE67800C4CA83 /* Views */ = {
			isa = PBXGroup;
			children = (
			);
			path = Views;
			sourceTree = "<group>";
		};
		6DB46AC62AFBE68100C4CA83 /* ViewModels */ = {
			isa = PBXGroup;
			children = (
				6DB46AE32AFFDD7400C4CA83 /* CharacterViewModel.swift */,
				6DB46AE72B0036CB00C4CA83 /* CollectionVIewCellViewModel.swift */,
			);
			path = ViewModels;
			sourceTree = "<group>";
		};
		6DB46AC72AFBE68900C4CA83 /* API */ = {
			isa = PBXGroup;
			children = (
				6DB46AD92AFD2D9C00C4CA83 /* RickMortyService.swift */,
				6DB46ADB2AFD2DB000C4CA83 /* RickMortyRequest.swift */,
				6DB46ADD2AFD2EB700C4CA83 /* RickMortyEndpoint.swift */,
			);
			path = API;
			sourceTree = "<group>";
		};
		6DB46AC82AFBE69F00C4CA83 /* Manager */ = {
			isa = PBXGroup;
			children = (
			);
			path = Manager;
			sourceTree = "<group>";
		};
		6DB46AC92AFBE6A700C4CA83 /* Resources */ = {
			isa = PBXGroup;
			children = (
				6DB46AB82AFBE43E00C4CA83 /* Assets.xcassets */,
				6DB46ABA2AFBE43E00C4CA83 /* LaunchScreen.storyboard */,
			);
			path = Resources;
			sourceTree = "<group>";
		};
		6DB46ACA2AFBE6D200C4CA83 /* Application */ = {
			isa = PBXGroup;
			children = (
				6DB46AAF2AFBE43D00C4CA83 /* AppDelegate.swift */,
				6DB46AB12AFBE43D00C4CA83 /* SceneDelegate.swift */,
			);
			path = Application;
			sourceTree = "<group>";
		};
		6DB46AE62B0033C100C4CA83 /* Cell */ = {
			isa = PBXGroup;
			children = (
				6DB46ADF2AFE3A0700C4CA83 /* CollectionViewCell.swift */,
			);
			path = Cell;
			sourceTree = "<group>";
		};
/* End PBXGroup section */

/* Begin PBXNativeTarget section */
		6DB46AAB2AFBE43D00C4CA83 /* RickMortyApp */ = {
			isa = PBXNativeTarget;
			buildConfigurationList = 6DB46AC02AFBE43E00C4CA83 /* Build configuration list for PBXNativeTarget "RickMortyApp" */;
			buildPhases = (
				6DB46AA82AFBE43D00C4CA83 /* Sources */,
				6DB46AA92AFBE43D00C4CA83 /* Frameworks */,
				6DB46AAA2AFBE43D00C4CA83 /* Resources */,
			);
			buildRules = (
			);
			dependencies = (
			);
			name = RickMortyApp;
			productName = RickMortyApp;
			productReference = 6DB46AAC2AFBE43D00C4CA83 /* RickMortyApp.app */;
			productType = "com.apple.product-type.application";
		};
/* End PBXNativeTarget section */

/* Begin PBXProject section */
		6DB46AA42AFBE43D00C4CA83 /* Project object */ = {
			isa = PBXProject;
			attributes = {
				BuildIndependentTargetsInParallel = 1;
				LastSwiftUpdateCheck = 1500;
				LastUpgradeCheck = 1500;
				TargetAttributes = {
					6DB46AAB2AFBE43D00C4CA83 = {
						CreatedOnToolsVersion = 15.0.1;
					};
				};
			};
			buildConfigurationList = 6DB46AA72AFBE43D00C4CA83 /* Build configuration list for PBXProject "RickMortyApp" */;
			compatibilityVersion = "Xcode 14.0";
			developmentRegion = en;
			hasScannedForEncodings = 0;
			knownRegions = (
				en,
				Base,
			);
			mainGroup = 6DB46AA32AFBE43D00C4CA83;
			productRefGroup = 6DB46AAD2AFBE43D00C4CA83 /* Products */;
			projectDirPath = "";
			projectRoot = "";
			targets = (
				6DB46AAB2AFBE43D00C4CA83 /* RickMortyApp */,
			);
		};
/* End PBXProject section */

/* Begin PBXResourcesBuildPhase section */
		6DB46AAA2AFBE43D00C4CA83 /* Resources */ = {
			isa = PBXResourcesBuildPhase;
			buildActionMask = 2147483647;
			files = (
				6DB46ABC2AFBE43E00C4CA83 /* LaunchScreen.storyboard in Resources */,
				6DB46AB92AFBE43E00C4CA83 /* Assets.xcassets in Resources */,
			);
			runOnlyForDeploymentPostprocessing = 0;
		};
/* End PBXResourcesBuildPhase section */

/* Begin PBXSourcesBuildPhase section */
		6DB46AA82AFBE43D00C4CA83 /* Sources */ = {
			isa = PBXSourcesBuildPhase;
			buildActionMask = 2147483647;
			files = (
				6DB46AB42AFBE43D00C4CA83 /* TabBarController.swift in Sources */,
				6DB46ADE2AFD2EB700C4CA83 /* RickMortyEndpoint.swift in Sources */,
				6DB46AB02AFBE43D00C4CA83 /* AppDelegate.swift in Sources */,
				6DB46ACE2AFBE77E00C4CA83 /* Character.swift in Sources */,
				6DB46AD02AFBE78900C4CA83 /* Episodes.swift in Sources */,
				6DB46AE22AFFCC2B00C4CA83 /* GetAllCharactersResponse.swift in Sources */,
				6DB46ADC2AFD2DB000C4CA83 /* RickMortyRequest.swift in Sources */,
				6DB46AE82B0036CB00C4CA83 /* CollectionVIewCellViewModel.swift in Sources */,
				6DB46AB22AFBE43D00C4CA83 /* SceneDelegate.swift in Sources */,
				6DB46AE42AFFDD7400C4CA83 /* CharacterViewModel.swift in Sources */,
				6DB46AD82AFBE9EC00C4CA83 /* LogOutViewController.swift in Sources */,
				6DB46ADA2AFD2D9C00C4CA83 /* RickMortyService.swift in Sources */,
				6DB46AD62AFBE9D700C4CA83 /* CharViewController.swift in Sources */,
				6DB46AE02AFE3A0700C4CA83 /* CollectionViewCell.swift in Sources */,
			);
			runOnlyForDeploymentPostprocessing = 0;
		};
/* End PBXSourcesBuildPhase section */

/* Begin PBXVariantGroup section */
		6DB46ABA2AFBE43E00C4CA83 /* LaunchScreen.storyboard */ = {
			isa = PBXVariantGroup;
			children = (
				6DB46ABB2AFBE43E00C4CA83 /* Base */,
			);
			name = LaunchScreen.storyboard;
			sourceTree = "<group>";
		};
/* End PBXVariantGroup section */

/* Begin XCBuildConfiguration section */
		6DB46ABE2AFBE43E00C4CA83 /* Debug */ = {
			isa = XCBuildConfiguration;
			buildSettings = {
				ALWAYS_SEARCH_USER_PATHS = NO;
				ASSETCATALOG_COMPILER_GENERATE_SWIFT_ASSET_SYMBOL_EXTENSIONS = YES;
				CLANG_ANALYZER_NONNULL = YES;
				CLANG_ANALYZER_NUMBER_OBJECT_CONVERSION = YES_AGGRESSIVE;
				CLANG_CXX_LANGUAGE_STANDARD = "gnu++20";
				CLANG_ENABLE_MODULES = YES;
				CLANG_ENABLE_OBJC_ARC = YES;
				CLANG_ENABLE_OBJC_WEAK = YES;
				CLANG_WARN_BLOCK_CAPTURE_AUTORELEASING = YES;
				CLANG_WARN_BOOL_CONVERSION = YES;
				CLANG_WARN_COMMA = YES;
				CLANG_WARN_CONSTANT_CONVERSION = YES;
				CLANG_WARN_DEPRECATED_OBJC_IMPLEMENTATIONS = YES;
				CLANG_WARN_DIRECT_OBJC_ISA_USAGE = YES_ERROR;
				CLANG_WARN_DOCUMENTATION_COMMENTS = YES;
				CLANG_WARN_EMPTY_BODY = YES;
				CLANG_WARN_ENUM_CONVERSION = YES;
				CLANG_WARN_INFINITE_RECURSION = YES;
				CLANG_WARN_INT_CONVERSION = YES;
				CLANG_WARN_NON_LITERAL_NULL_CONVERSION = YES;
				CLANG_WARN_OBJC_IMPLICIT_RETAIN_SELF = YES;
				CLANG_WARN_OBJC_LITERAL_CONVERSION = YES;
				CLANG_WARN_OBJC_ROOT_CLASS = YES_ERROR;
				CLANG_WARN_QUOTED_INCLUDE_IN_FRAMEWORK_HEADER = YES;
				CLANG_WARN_RANGE_LOOP_ANALYSIS = YES;
				CLANG_WARN_STRICT_PROTOTYPES = YES;
				CLANG_WARN_SUSPICIOUS_MOVE = YES;
				CLANG_WARN_UNGUARDED_AVAILABILITY = YES_AGGRESSIVE;
				CLANG_WARN_UNREACHABLE_CODE = YES;
				CLANG_WARN__DUPLICATE_METHOD_MATCH = YES;
				COPY_PHASE_STRIP = NO;
				DEBUG_INFORMATION_FORMAT = dwarf;
				ENABLE_STRICT_OBJC_MSGSEND = YES;
				ENABLE_TESTABILITY = YES;
				ENABLE_USER_SCRIPT_SANDBOXING = YES;
				GCC_C_LANGUAGE_STANDARD = gnu17;
				GCC_DYNAMIC_NO_PIC = NO;
				GCC_NO_COMMON_BLOCKS = YES;
				GCC_OPTIMIZATION_LEVEL = 0;
				GCC_PREPROCESSOR_DEFINITIONS = (
					"DEBUG=1",
					"$(inherited)",
				);
				GCC_WARN_64_TO_32_BIT_CONVERSION = YES;
				GCC_WARN_ABOUT_RETURN_TYPE = YES_ERROR;
				GCC_WARN_UNDECLARED_SELECTOR = YES;
				GCC_WARN_UNINITIALIZED_AUTOS = YES_AGGRESSIVE;
				GCC_WARN_UNUSED_FUNCTION = YES;
				GCC_WARN_UNUSED_VARIABLE = YES;
				IPHONEOS_DEPLOYMENT_TARGET = 17.0;
				LOCALIZATION_PREFERS_STRING_CATALOGS = YES;
				MTL_ENABLE_DEBUG_INFO = INCLUDE_SOURCE;
				MTL_FAST_MATH = YES;
				ONLY_ACTIVE_ARCH = YES;
				SDKROOT = iphoneos;
				SWIFT_ACTIVE_COMPILATION_CONDITIONS = "DEBUG $(inherited)";
				SWIFT_OPTIMIZATION_LEVEL = "-Onone";
			};
			name = Debug;
		};
		6DB46ABF2AFBE43E00C4CA83 /* Release */ = {
			isa = XCBuildConfiguration;
			buildSettings = {
				ALWAYS_SEARCH_USER_PATHS = NO;
				ASSETCATALOG_COMPILER_GENERATE_SWIFT_ASSET_SYMBOL_EXTENSIONS = YES;
				CLANG_ANALYZER_NONNULL = YES;
				CLANG_ANALYZER_NUMBER_OBJECT_CONVERSION = YES_AGGRESSIVE;
				CLANG_CXX_LANGUAGE_STANDARD = "gnu++20";
				CLANG_ENABLE_MODULES = YES;
				CLANG_ENABLE_OBJC_ARC = YES;
				CLANG_ENABLE_OBJC_WEAK = YES;
				CLANG_WARN_BLOCK_CAPTURE_AUTORELEASING = YES;
				CLANG_WARN_BOOL_CONVERSION = YES;
				CLANG_WARN_COMMA = YES;
				CLANG_WARN_CONSTANT_CONVERSION = YES;
				CLANG_WARN_DEPRECATED_OBJC_IMPLEMENTATIONS = YES;
				CLANG_WARN_DIRECT_OBJC_ISA_USAGE = YES_ERROR;
				CLANG_WARN_DOCUMENTATION_COMMENTS = YES;
				CLANG_WARN_EMPTY_BODY = YES;
				CLANG_WARN_ENUM_CONVERSION = YES;
				CLANG_WARN_INFINITE_RECURSION = YES;
				CLANG_WARN_INT_CONVERSION = YES;
				CLANG_WARN_NON_LITERAL_NULL_CONVERSION = YES;
				CLANG_WARN_OBJC_IMPLICIT_RETAIN_SELF = YES;
				CLANG_WARN_OBJC_LITERAL_CONVERSION = YES;
				CLANG_WARN_OBJC_ROOT_CLASS = YES_ERROR;
				CLANG_WARN_QUOTED_INCLUDE_IN_FRAMEWORK_HEADER = YES;
				CLANG_WARN_RANGE_LOOP_ANALYSIS = YES;
				CLANG_WARN_STRICT_PROTOTYPES = YES;
				CLANG_WARN_SUSPICIOUS_MOVE = YES;
				CLANG_WARN_UNGUARDED_AVAILABILITY = YES_AGGRESSIVE;
				CLANG_WARN_UNREACHABLE_CODE = YES;
				CLANG_WARN__DUPLICATE_METHOD_MATCH = YES;
				COPY_PHASE_STRIP = NO;
				DEBUG_INFORMATION_FORMAT = "dwarf-with-dsym";
				ENABLE_NS_ASSERTIONS = NO;
				ENABLE_STRICT_OBJC_MSGSEND = YES;
				ENABLE_USER_SCRIPT_SANDBOXING = YES;
				GCC_C_LANGUAGE_STANDARD = gnu17;
				GCC_NO_COMMON_BLOCKS = YES;
				GCC_WARN_64_TO_32_BIT_CONVERSION = YES;
				GCC_WARN_ABOUT_RETURN_TYPE = YES_ERROR;
				GCC_WARN_UNDECLARED_SELECTOR = YES;
				GCC_WARN_UNINITIALIZED_AUTOS = YES_AGGRESSIVE;
				GCC_WARN_UNUSED_FUNCTION = YES;
				GCC_WARN_UNUSED_VARIABLE = YES;
				IPHONEOS_DEPLOYMENT_TARGET = 17.0;
				LOCALIZATION_PREFERS_STRING_CATALOGS = YES;
				MTL_ENABLE_DEBUG_INFO = NO;
				MTL_FAST_MATH = YES;
				SDKROOT = iphoneos;
				SWIFT_COMPILATION_MODE = wholemodule;
				VALIDATE_PRODUCT = YES;
			};
			name = Release;
		};
		6DB46AC12AFBE43E00C4CA83 /* Debug */ = {
			isa = XCBuildConfiguration;
			buildSettings = {
				ASSETCATALOG_COMPILER_APPICON_NAME = AppIcon;
				ASSETCATALOG_COMPILER_GLOBAL_ACCENT_COLOR_NAME = AccentColor;
				CODE_SIGN_STYLE = Automatic;
				CURRENT_PROJECT_VERSION = 1;
				GENERATE_INFOPLIST_FILE = YES;
				INFOPLIST_FILE = RickMortyApp/Info.plist;
				INFOPLIST_KEY_UIApplicationSupportsIndirectInputEvents = YES;
				INFOPLIST_KEY_UILaunchStoryboardName = LaunchScreen;
				INFOPLIST_KEY_UISupportedInterfaceOrientations_iPad = "UIInterfaceOrientationPortrait UIInterfaceOrientationPortraitUpsideDown UIInterfaceOrientationLandscapeLeft UIInterfaceOrientationLandscapeRight";
				INFOPLIST_KEY_UISupportedInterfaceOrientations_iPhone = "UIInterfaceOrientationPortrait UIInterfaceOrientationLandscapeLeft UIInterfaceOrientationLandscapeRight";
				LD_RUNPATH_SEARCH_PATHS = (
					"$(inherited)",
					"@executable_path/Frameworks",
				);
				MARKETING_VERSION = 1.0;
				PRODUCT_BUNDLE_IDENTIFIER = "-05.RickMortyApp";
				PRODUCT_NAME = "$(TARGET_NAME)";
				SWIFT_EMIT_LOC_STRINGS = YES;
				SWIFT_VERSION = 5.0;
				TARGETED_DEVICE_FAMILY = "1,2";
			};
			name = Debug;
		};
		6DB46AC22AFBE43E00C4CA83 /* Release */ = {
			isa = XCBuildConfiguration;
			buildSettings = {
				ASSETCATALOG_COMPILER_APPICON_NAME = AppIcon;
				ASSETCATALOG_COMPILER_GLOBAL_ACCENT_COLOR_NAME = AccentColor;
				CODE_SIGN_STYLE = Automatic;
				CURRENT_PROJECT_VERSION = 1;
				GENERATE_INFOPLIST_FILE = YES;
				INFOPLIST_FILE = RickMortyApp/Info.plist;
				INFOPLIST_KEY_UIApplicationSupportsIndirectInputEvents = YES;
				INFOPLIST_KEY_UILaunchStoryboardName = LaunchScreen;
				INFOPLIST_KEY_UISupportedInterfaceOrientations_iPad = "UIInterfaceOrientationPortrait UIInterfaceOrientationPortraitUpsideDown UIInterfaceOrientationLandscapeLeft UIInterfaceOrientationLandscapeRight";
				INFOPLIST_KEY_UISupportedInterfaceOrientations_iPhone = "UIInterfaceOrientationPortrait UIInterfaceOrientationLandscapeLeft UIInterfaceOrientationLandscapeRight";
				LD_RUNPATH_SEARCH_PATHS = (
					"$(inherited)",
					"@executable_path/Frameworks",
				);
				MARKETING_VERSION = 1.0;
				PRODUCT_BUNDLE_IDENTIFIER = "-05.RickMortyApp";
				PRODUCT_NAME = "$(TARGET_NAME)";
				SWIFT_EMIT_LOC_STRINGS = YES;
				SWIFT_VERSION = 5.0;
				TARGETED_DEVICE_FAMILY = "1,2";
			};
			name = Release;
		};
/* End XCBuildConfiguration section */

/* Begin XCConfigurationList section */
		6DB46AA72AFBE43D00C4CA83 /* Build configuration list for PBXProject "RickMortyApp" */ = {
			isa = XCConfigurationList;
			buildConfigurations = (
				6DB46ABE2AFBE43E00C4CA83 /* Debug */,
				6DB46ABF2AFBE43E00C4CA83 /* Release */,
			);
			defaultConfigurationIsVisible = 0;
			defaultConfigurationName = Release;
		};
		6DB46AC02AFBE43E00C4CA83 /* Build configuration list for PBXNativeTarget "RickMortyApp" */ = {
			isa = XCConfigurationList;
			buildConfigurations = (
				6DB46AC12AFBE43E00C4CA83 /* Debug */,
				6DB46AC22AFBE43E00C4CA83 /* Release */,
			);
			defaultConfigurationIsVisible = 0;
			defaultConfigurationName = Release;
		};
/* End XCConfigurationList section */
	};
	rootObject = 6DB46AA42AFBE43D00C4CA83 /* Project object */;
}
